
Microsoft Visual Studio Solution File, Format Version 12.00
# Visual Studio Version 16
VisualStudioVersion = 16.0.29728.190
MinimumVisualStudioVersion = 10.0.40219.1
Project("{FAE04EC0-301F-11D3-BF4B-00C04F79EFBC}") = "fullTimeHalfTimeTrackbar", "fullTimeHalfTimeTrackbar\fullTimeHalfTimeTrackbar.csproj", "{7B4DC354-7174-4730-8C81-46CE61CA5037}"
EndProject
Global
	GlobalSection(SolutionConfigurationPlatforms) = preSolution
		Debug|Any CPU = Debug|Any CPU
		Release|Any CPU = Release|Any CPU
	EndGlobalSection
	GlobalSection(ProjectConfigurationPlatforms) = postSolution
		{7B4DC354-7174-4730-8C81-46CE61CA5037}.Debug|Any CPU.ActiveCfg = Debug|Any CPU
		{7B4DC354-7174-4730-8C81-46CE61CA5037}.Debug|Any CPU.Build.0 = Debug|Any CPU
		{7B4DC354-7174-4730-8C81-46CE61CA5037}.Release|Any CPU.ActiveCfg = Release|Any CPU
		{7B4DC354-7174-4730-8C81-46CE61CA5037}.Release|Any CPU.Build.0 = Release|Any CPU
	EndGlobalSection
	GlobalSection(SolutionProperties) = preSolution
		HideSolutionNode = FALSE
	EndGlobalSection
	GlobalSection(ExtensibilityGlobals) = postSolution
		SolutionGuid = {62A26931-7B30-46E0-A8E5-F7F1FF26B874}
	EndGlobalSection
EndGlobal
